
Microsoft Visual Studio Solution File, Format Version 12.00
# Visual Studio 15
VisualStudioVersion = 15.0.27130.2036
MinimumVisualStudioVersion = 10.0.40219.1
Project("{2150E333-8FDC-42A3-9474-1A3956D46DE8}") = "WebApi", "WebApi", "{F70D1CDD-668E-4BE6-AC5E-7D10FD6AFC71}"
EndProject
Project("{FAE04EC0-301F-11D3-BF4B-00C04F79EFBC}") = "WebApplication", "WebApplication\WebApplication.csproj", "{8C5236DA-B79F-4657-AF17-2515E23EFABE}"
EndProject
Project("{2150E333-8FDC-42A3-9474-1A3956D46DE8}") = "ConsoleApp", "ConsoleApp", "{D07E536F-EB04-4401-9E80-3381A31D2B2B}"
EndProject
Project("{FAE04EC0-301F-11D3-BF4B-00C04F79EFBC}") = "ConsoleApp", "ConsoleApp\ConsoleApp.csproj", "{5969D9F9-8E92-42DE-9BA7-D022BF19A364}"
EndProject
Project("{FAE04EC0-301F-11D3-BF4B-00C04F79EFBC}") = "ConsoleAppAboutStockServer", "ConsoleAppAboutStockServer\ConsoleAppAboutStockServer.csproj", "{F4A4A0C4-A9CB-434A-88C3-2FA97EBB9757}"
EndProject
Project("{2150E333-8FDC-42A3-9474-1A3956D46DE8}") = "Net-Code", "Net-Code", "{392EA1D6-FF43-4B8D-B299-E07E3A2B57E7}"
EndProject
Project("{9A19103F-16F7-4668-BE54-9A1E7A4F7556}") = "ConsoleApp(Code)", "ConsoleApp(Code)\ConsoleApp(Code).csproj", "{070A808F-A57A-4185-880D-5CB1EBEFA3E0}"
EndProject
Project("{2150E333-8FDC-42A3-9474-1A3956D46DE8}") = "UML", "UML", "{958CF72F-A3EB-45B2-A61E-646D9C622EB9}"
EndProject
Project("{FAE04EC0-301F-11D3-BF4B-00C04F79EFBC}") = "AbountCORS", "AbountCORS\AbountCORS.csproj", "{A8F68650-D2D5-4AA5-B8E8-A6C578469F80}"
EndProject
Project("{2150E333-8FDC-42A3-9474-1A3956D46DE8}") = "1.Domain", "1.Domain", "{33286375-17A1-489E-9D21-4DEAD9A94E5A}"
EndProject
Project("{2150E333-8FDC-42A3-9474-1A3956D46DE8}") = "2.Infrastucutre", "2.Infrastucutre", "{2AFEE638-9A48-49C4-BC9C-E007EE75C4EF}"
EndProject
Project("{FAE04EC0-301F-11D3-BF4B-00C04F79EFBC}") = "Respositories", "Repositories\Respositories.csproj", "{07CEA9F1-DC2A-4AA9-8A82-4E3B9927A33D}"
EndProject
Project("{FAE04EC0-301F-11D3-BF4B-00C04F79EFBC}") = "Domain", "Domain\Domain.csproj", "{4D40E56D-DE7E-4AEE-A6C3-8E11F7487199}"
EndProject
Project("{FAE04EC0-301F-11D3-BF4B-00C04F79EFBC}") = "RespositoriesTest", "RespositoriesTest\RespositoriesTest.csproj", "{59B411B6-E688-4AAA-B940-643B57027236}"
EndProject
Project("{2150E333-8FDC-42A3-9474-1A3956D46DE8}") = "Common", "Common", "{7BE912FE-1936-40A2-8CB8-DFE6890170D6}"
EndProject
Project("{FAE04EC0-301F-11D3-BF4B-00C04F79EFBC}") = "Common", "Command\Common.csproj", "{B0C1D31C-7D42-4EF8-8A51-6144EE3CA3C2}"
EndProject
Global
	GlobalSection(SolutionConfigurationPlatforms) = preSolution
		Debug|Any CPU = Debug|Any CPU
		Release|Any CPU = Release|Any CPU
	EndGlobalSection
	GlobalSection(ProjectConfigurationPlatforms) = postSolution
		{8C5236DA-B79F-4657-AF17-2515E23EFABE}.Debug|Any CPU.ActiveCfg = Debug|Any CPU
		{8C5236DA-B79F-4657-AF17-2515E23EFABE}.Debug|Any CPU.Build.0 = Debug|Any CPU
		{8C5236DA-B79F-4657-AF17-2515E23EFABE}.Release|Any CPU.ActiveCfg = Release|Any CPU
		{8C5236DA-B79F-4657-AF17-2515E23EFABE}.Release|Any CPU.Build.0 = Release|Any CPU
		{5969D9F9-8E92-42DE-9BA7-D022BF19A364}.Debug|Any CPU.ActiveCfg = Debug|Any CPU
		{5969D9F9-8E92-42DE-9BA7-D022BF19A364}.Debug|Any CPU.Build.0 = Debug|Any CPU
		{5969D9F9-8E92-42DE-9BA7-D022BF19A364}.Release|Any CPU.ActiveCfg = Release|Any CPU
		{5969D9F9-8E92-42DE-9BA7-D022BF19A364}.Release|Any CPU.Build.0 = Release|Any CPU
		{F4A4A0C4-A9CB-434A-88C3-2FA97EBB9757}.Debug|Any CPU.ActiveCfg = Debug|Any CPU
		{F4A4A0C4-A9CB-434A-88C3-2FA97EBB9757}.Debug|Any CPU.Build.0 = Debug|Any CPU
		{F4A4A0C4-A9CB-434A-88C3-2FA97EBB9757}.Release|Any CPU.ActiveCfg = Release|Any CPU
		{F4A4A0C4-A9CB-434A-88C3-2FA97EBB9757}.Release|Any CPU.Build.0 = Release|Any CPU
		{070A808F-A57A-4185-880D-5CB1EBEFA3E0}.Debug|Any CPU.ActiveCfg = Debug|Any CPU
		{070A808F-A57A-4185-880D-5CB1EBEFA3E0}.Debug|Any CPU.Build.0 = Debug|Any CPU
		{070A808F-A57A-4185-880D-5CB1EBEFA3E0}.Release|Any CPU.ActiveCfg = Release|Any CPU
		{070A808F-A57A-4185-880D-5CB1EBEFA3E0}.Release|Any CPU.Build.0 = Release|Any CPU
		{A8F68650-D2D5-4AA5-B8E8-A6C578469F80}.Debug|Any CPU.ActiveCfg = Debug|Any CPU
		{A8F68650-D2D5-4AA5-B8E8-A6C578469F80}.Debug|Any CPU.Build.0 = Debug|Any CPU
		{A8F68650-D2D5-4AA5-B8E8-A6C578469F80}.Release|Any CPU.ActiveCfg = Release|Any CPU
		{A8F68650-D2D5-4AA5-B8E8-A6C578469F80}.Release|Any CPU.Build.0 = Release|Any CPU
		{07CEA9F1-DC2A-4AA9-8A82-4E3B9927A33D}.Debug|Any CPU.ActiveCfg = Debug|Any CPU
		{07CEA9F1-DC2A-4AA9-8A82-4E3B9927A33D}.Debug|Any CPU.Build.0 = Debug|Any CPU
		{07CEA9F1-DC2A-4AA9-8A82-4E3B9927A33D}.Release|Any CPU.ActiveCfg = Release|Any CPU
		{07CEA9F1-DC2A-4AA9-8A82-4E3B9927A33D}.Release|Any CPU.Build.0 = Release|Any CPU
		{4D40E56D-DE7E-4AEE-A6C3-8E11F7487199}.Debug|Any CPU.ActiveCfg = Debug|Any CPU
		{4D40E56D-DE7E-4AEE-A6C3-8E11F7487199}.Debug|Any CPU.Build.0 = Debug|Any CPU
		{4D40E56D-DE7E-4AEE-A6C3-8E11F7487199}.Release|Any CPU.ActiveCfg = Release|Any CPU
		{4D40E56D-DE7E-4AEE-A6C3-8E11F7487199}.Release|Any CPU.Build.0 = Release|Any CPU
		{59B411B6-E688-4AAA-B940-643B57027236}.Debug|Any CPU.ActiveCfg = Debug|Any CPU
		{59B411B6-E688-4AAA-B940-643B57027236}.Debug|Any CPU.Build.0 = Debug|Any CPU
		{59B411B6-E688-4AAA-B940-643B57027236}.Release|Any CPU.ActiveCfg = Release|Any CPU
		{59B411B6-E688-4AAA-B940-643B57027236}.Release|Any CPU.Build.0 = Release|Any CPU
		{B0C1D31C-7D42-4EF8-8A51-6144EE3CA3C2}.Debug|Any CPU.ActiveCfg = Debug|Any CPU
		{B0C1D31C-7D42-4EF8-8A51-6144EE3CA3C2}.Debug|Any CPU.Build.0 = Debug|Any CPU
		{B0C1D31C-7D42-4EF8-8A51-6144EE3CA3C2}.Release|Any CPU.ActiveCfg = Release|Any CPU
		{B0C1D31C-7D42-4EF8-8A51-6144EE3CA3C2}.Release|Any CPU.Build.0 = Release|Any CPU
	EndGlobalSection
	GlobalSection(SolutionProperties) = preSolution
		HideSolutionNode = FALSE
	EndGlobalSection
	GlobalSection(NestedProjects) = preSolution
		{8C5236DA-B79F-4657-AF17-2515E23EFABE} = {F70D1CDD-668E-4BE6-AC5E-7D10FD6AFC71}
		{5969D9F9-8E92-42DE-9BA7-D022BF19A364} = {D07E536F-EB04-4401-9E80-3381A31D2B2B}
		{F4A4A0C4-A9CB-434A-88C3-2FA97EBB9757} = {D07E536F-EB04-4401-9E80-3381A31D2B2B}
		{070A808F-A57A-4185-880D-5CB1EBEFA3E0} = {392EA1D6-FF43-4B8D-B299-E07E3A2B57E7}
		{A8F68650-D2D5-4AA5-B8E8-A6C578469F80} = {F70D1CDD-668E-4BE6-AC5E-7D10FD6AFC71}
		{07CEA9F1-DC2A-4AA9-8A82-4E3B9927A33D} = {2AFEE638-9A48-49C4-BC9C-E007EE75C4EF}
		{4D40E56D-DE7E-4AEE-A6C3-8E11F7487199} = {33286375-17A1-489E-9D21-4DEAD9A94E5A}
		{B0C1D31C-7D42-4EF8-8A51-6144EE3CA3C2} = {7BE912FE-1936-40A2-8CB8-DFE6890170D6}
	EndGlobalSection
	GlobalSection(ExtensibilityGlobals) = postSolution
		SolutionGuid = {4D236183-91F9-42A8-B33F-1A44A531AC67}
	EndGlobalSection
EndGlobal
